{
  "name": "canteen-connect",
  "version": "0.0.0",
  "lockfileVersion": 3,
  "requires": true,
  "packages": {
    "": {
      "name": "canteen-connect",
      "version": "0.0.0",
      "workspaces": [
        "apps/*",
        "services/*",
        "packages/*"
      ],
      "devDependencies": {
        "typescript": "^5.6.0"
      },
      "engines": {
        "node": ">=20"
      }
    },
    "apps/web": {
      "name": "@canteen/web",
      "version": "0.0.0"
    },
    "node_modules/@canteen/api": {
      "resolved": "services/api",
      "link": true
    },
    "node_modules/@canteen/events": {
      "resolved": "packages/events",
      "link": true
    },
    "node_modules/@canteen/web": {
      "resolved": "apps/web",
      "link": true
    },
    "node_modules/@canteen/worker": {
      "resolved": "services/worker",
      "link": true
    },
    "node_modules/typescript": {
      "version": "5.9.3",
      "resolved": "https://registry.npmjs.org/typescript/-/typescript-5.9.3.tgz",
      "integrity": "sha512-jl1vZzPDinLr9eUt3J/t7V6FgNEw9QjvBPdysz9KfQDD41fQrC2Y4vKQdiaUpFT4bXlb1RHhLpp8wtm6M5TgSw==",
      "dev": true,
      "license": "Apache-2.0",
      "bin": {
        "tsc": "bin/tsc",
        "tsserver": "bin/tsserver"
      },
      "engines": {
        "node": ">=14.17"
      }
    },
    "packages/events": {
      "name": "@canteen/events",
      "version": "0.0.0"
    },
    "services/api": {
      "name": "@canteen/api",
      "version": "0.0.0"
    },
    "services/worker": {
      "name": "@canteen/worker",
      "version": "0.0.0"
    }
  }
}
